
Microsoft Visual Studio Solution File, Format Version 12.00
Project("{FAE04EC0-301F-11D3-BF4B-00C04F79EFBC}") = "WindowsUtility", "WindowsUtility\WindowsUtility.csproj", "{8BB3580E-C750-4B24-A9E4-7829351DD44D}"
EndProject
Global
	GlobalSection(SolutionConfigurationPlatforms) = preSolution
		Debug|Any CPU = Debug|Any CPU
		Release|Any CPU = Release|Any CPU
	EndGlobalSection
	GlobalSection(ProjectConfigurationPlatforms) = postSolution
		{8BB3580E-C750-4B24-A9E4-7829351DD44D}.Debug|Any CPU.ActiveCfg = Debug|Any CPU
		{8BB3580E-C750-4B24-A9E4-7829351DD44D}.Debug|Any CPU.Build.0 = Debug|Any CPU
		{8BB3580E-C750-4B24-A9E4-7829351DD44D}.Release|Any CPU.ActiveCfg = Release|Any CPU
		{8BB3580E-C750-4B24-A9E4-7829351DD44D}.Release|Any CPU.Build.0 = Release|Any CPU
	EndGlobalSection
EndGlobal
